{
  "originHash" : "3b29998ddb1043315cca365f31f780c48f78e04d464204fe8789648a66a1e8a2",
  "pins" : [
    {
      "identity" : "alamofire",
      "kind" : "remoteSourceControl",
      "location" : "https://github.com/Alamofire/Alamofire",
      "state" : {
        "revision" : "f455c2975872ccd2d9c81594c658af65716e9b9a",
        "version" : "5.9.1"
      }
    },
    {
      "identity" : "screchkit",
      "kind" : "remoteSourceControl",
      "location" : "https://github.com/TopScrech/ScrechKit",
      "state" : {
        "revision" : "f82c5e26092d1c9ea91f9b9199390250f6e22107",
        "version" : "0.9.0"
      }
    }
  ],
  "version" : 3
}
