{
  "originHash" : "fab1aa877d697860a5a1603bf32e56204aa4b34e1172dde59e457f1e45f7a11c",
  "pins" : [
    {
      "identity" : "alamofire",
      "kind" : "remoteSourceControl",
      "location" : "https://github.com/Alamofire/Alamofire",
      "state" : {
        "revision" : "513364f870f6bfc468f9d2ff0a95caccc10044c5",
        "version" : "5.10.2"
      }
    },
    {
      "identity" : "screchkit",
      "kind" : "remoteSourceControl",
      "location" : "https://github.com/TopScrech/ScrechKit",
      "state" : {
        "branch" : "main",
        "revision" : "b4ffcdfc764889a0def8c74993b3218732cb8351"
      }
    }
  ],
  "version" : 3
}
