// !$*UTF8*$!
{
	archiveVersion = 1;
	classes = {
	};
	objectVersion = 63;
	objects = {

/* Begin PBXBuildFile section */
		F3905C042C6B190700469CA6 /* Signius.swift in Sources */ = {isa = PBXBuildFile; fileRef = F3905C032C6B190700469CA6 /* Signius.swift */; };
		F3905C082C6B190700469CA6 /* Assets.xcassets in Resources */ = {isa = PBXBuildFile; fileRef = F3905C072C6B190700469CA6 /* Assets.xcassets */; };
		F3905C132C6B193300469CA6 /* Account Manager.swift in Sources */ = {isa = PBXBuildFile; fileRef = F3905C122C6B193300469CA6 /* Account Manager.swift */; };
		F3905C172C6B194900469CA6 /* Login View.swift in Sources */ = {isa = PBXBuildFile; fileRef = F3905C162C6B194900469CA6 /* Login View.swift */; };
		F3905C1E2C6B1CF300469CA6 /* ScrechKit in Frameworks */ = {isa = PBXBuildFile; productRef = F3905C1D2C6B1CF300469CA6 /* ScrechKit */; };
		F3905C252C6B1E3D00469CA6 /* WebAuthn Model.swift in Sources */ = {isa = PBXBuildFile; fileRef = F3905C242C6B1E3D00469CA6 /* WebAuthn Model.swift */; };
		F3905C282C6B21A200469CA6 /* Alamofire in Frameworks */ = {isa = PBXBuildFile; productRef = F3905C272C6B21A200469CA6 /* Alamofire */; };
		F39DB7942C73456100CF74F8 /* Button Style.swift in Sources */ = {isa = PBXBuildFile; fileRef = F39DB7932C73456100CF74F8 /* Button Style.swift */; };
		F3B98E962C729D850006021E /* Notifications.swift in Sources */ = {isa = PBXBuildFile; fileRef = F3B98E952C729D850006021E /* Notifications.swift */; };
		F3B98E982C729DA90006021E /* App Container.swift in Sources */ = {isa = PBXBuildFile; fileRef = F3B98E972C729DA90006021E /* App Container.swift */; };
		F3B98E9A2C729FA20006021E /* Account View.swift in Sources */ = {isa = PBXBuildFile; fileRef = F3B98E992C729FA20006021E /* Account View.swift */; };
/* End PBXBuildFile section */

/* Begin PBXCopyFilesBuildPhase section */
		F3DCE4D72C6B932C00B6E5FB /* Embed Frameworks */ = {
			isa = PBXCopyFilesBuildPhase;
			buildActionMask = 2147483647;
			dstPath = "";
			dstSubfolderSpec = 10;
			files = (
			);
			name = "Embed Frameworks";
			runOnlyForDeploymentPostprocessing = 0;
		};
/* End PBXCopyFilesBuildPhase section */

/* Begin PBXFileReference section */
		F3905C002C6B190700469CA6 /* Signius.app */ = {isa = PBXFileReference; explicitFileType = wrapper.application; includeInIndex = 0; path = Signius.app; sourceTree = BUILT_PRODUCTS_DIR; };
		F3905C032C6B190700469CA6 /* Signius.swift */ = {isa = PBXFileReference; lastKnownFileType = sourcecode.swift; path = Signius.swift; sourceTree = "<group>"; };
		F3905C072C6B190700469CA6 /* Assets.xcassets */ = {isa = PBXFileReference; lastKnownFileType = folder.assetcatalog; path = Assets.xcassets; sourceTree = "<group>"; };
		F3905C092C6B190700469CA6 /* Signius.entitlements */ = {isa = PBXFileReference; lastKnownFileType = text.plist.entitlements; path = Signius.entitlements; sourceTree = "<group>"; };
		F3905C122C6B193300469CA6 /* Account Manager.swift */ = {isa = PBXFileReference; lastKnownFileType = sourcecode.swift; path = "Account Manager.swift"; sourceTree = "<group>"; };
		F3905C162C6B194900469CA6 /* Login View.swift */ = {isa = PBXFileReference; lastKnownFileType = sourcecode.swift; path = "Login View.swift"; sourceTree = "<group>"; };
		F3905C192C6B19BD00469CA6 /* Info.plist */ = {isa = PBXFileReference; lastKnownFileType = text.plist; path = Info.plist; sourceTree = "<group>"; };
		F3905C242C6B1E3D00469CA6 /* WebAuthn Model.swift */ = {isa = PBXFileReference; lastKnownFileType = sourcecode.swift; path = "WebAuthn Model.swift"; sourceTree = "<group>"; };
		F39DB7932C73456100CF74F8 /* Button Style.swift */ = {isa = PBXFileReference; lastKnownFileType = sourcecode.swift; path = "Button Style.swift"; sourceTree = "<group>"; };
		F3B98E952C729D850006021E /* Notifications.swift */ = {isa = PBXFileReference; lastKnownFileType = sourcecode.swift; path = Notifications.swift; sourceTree = "<group>"; };
		F3B98E972C729DA90006021E /* App Container.swift */ = {isa = PBXFileReference; lastKnownFileType = sourcecode.swift; path = "App Container.swift"; sourceTree = "<group>"; };
		F3B98E992C729FA20006021E /* Account View.swift */ = {isa = PBXFileReference; lastKnownFileType = sourcecode.swift; path = "Account View.swift"; sourceTree = "<group>"; };
/* End PBXFileReference section */

/* Begin PBXFrameworksBuildPhase section */
		F3905BFD2C6B190700469CA6 /* Frameworks */ = {
			isa = PBXFrameworksBuildPhase;
			buildActionMask = 2147483647;
			files = (
				F3905C1E2C6B1CF300469CA6 /* ScrechKit in Frameworks */,
				F3905C282C6B21A200469CA6 /* Alamofire in Frameworks */,
			);
			runOnlyForDeploymentPostprocessing = 0;
		};
/* End PBXFrameworksBuildPhase section */

/* Begin PBXGroup section */
		F3905BF72C6B190700469CA6 = {
			isa = PBXGroup;
			children = (
				F3905C182C6B195700469CA6 /* Signius */,
				F3DCE4D82C6B934100B6E5FB /* Frameworks */,
				F3905C012C6B190700469CA6 /* Products */,
			);
			sourceTree = "<group>";
		};
		F3905C012C6B190700469CA6 /* Products */ = {
			isa = PBXGroup;
			children = (
				F3905C002C6B190700469CA6 /* Signius.app */,
			);
			name = Products;
			sourceTree = "<group>";
		};
		F3905C182C6B195700469CA6 /* Signius */ = {
			isa = PBXGroup;
			children = (
				F3905C192C6B19BD00469CA6 /* Info.plist */,
				F3905C032C6B190700469CA6 /* Signius.swift */,
				F3905C072C6B190700469CA6 /* Assets.xcassets */,
				F3905C092C6B190700469CA6 /* Signius.entitlements */,
				F3B98E972C729DA90006021E /* App Container.swift */,
				F3905C122C6B193300469CA6 /* Account Manager.swift */,
				F3905C162C6B194900469CA6 /* Login View.swift */,
				F39DB7932C73456100CF74F8 /* Button Style.swift */,
				F3B98E992C729FA20006021E /* Account View.swift */,
				F3905C242C6B1E3D00469CA6 /* WebAuthn Model.swift */,
				F3B98E952C729D850006021E /* Notifications.swift */,
			);
			path = Signius;
			sourceTree = "<group>";
		};
		F3DCE4D82C6B934100B6E5FB /* Frameworks */ = {
			isa = PBXGroup;
			children = (
			);
			name = Frameworks;
			sourceTree = "<group>";
		};
/* End PBXGroup section */

/* Begin PBXNativeTarget section */
		F3905BFF2C6B190700469CA6 /* Signius */ = {
			isa = PBXNativeTarget;
			buildConfigurationList = F3905C0F2C6B190700469CA6 /* Build configuration list for PBXNativeTarget "Signius" */;
			buildPhases = (
				F3905BFC2C6B190700469CA6 /* Sources */,
				F3905BFD2C6B190700469CA6 /* Frameworks */,
				F3905BFE2C6B190700469CA6 /* Resources */,
				F3DCE4D72C6B932C00B6E5FB /* Embed Frameworks */,
			);
			buildRules = (
			);
			dependencies = (
			);
			name = Signius;
			packageProductDependencies = (
				F3905C1D2C6B1CF300469CA6 /* ScrechKit */,
				F3905C272C6B21A200469CA6 /* Alamofire */,
			);
			productName = Signius;
			productReference = F3905C002C6B190700469CA6 /* Signius.app */;
			productType = "com.apple.product-type.application";
		};
/* End PBXNativeTarget section */

/* Begin PBXProject section */
		F3905BF82C6B190700469CA6 /* Project object */ = {
			isa = PBXProject;
			attributes = {
				BuildIndependentTargetsInParallel = 1;
				LastSwiftUpdateCheck = 1610;
				LastUpgradeCheck = 1610;
				TargetAttributes = {
					F3905BFF2C6B190700469CA6 = {
						CreatedOnToolsVersion = 16.1;
					};
				};
			};
			buildConfigurationList = F3905BFB2C6B190700469CA6 /* Build configuration list for PBXProject "Signius" */;
			compatibilityVersion = "Xcode 15.3";
			developmentRegion = en;
			hasScannedForEncodings = 0;
			knownRegions = (
				en,
				Base,
			);
			mainGroup = F3905BF72C6B190700469CA6;
			minimizedProjectReferenceProxies = 1;
			packageReferences = (
				F3905C1C2C6B1CF300469CA6 /* XCRemoteSwiftPackageReference "ScrechKit" */,
				F3905C262C6B21A200469CA6 /* XCRemoteSwiftPackageReference "Alamofire" */,
			);
			productRefGroup = F3905C012C6B190700469CA6 /* Products */;
			projectDirPath = "";
			projectRoot = "";
			targets = (
				F3905BFF2C6B190700469CA6 /* Signius */,
			);
		};
/* End PBXProject section */

/* Begin PBXResourcesBuildPhase section */
		F3905BFE2C6B190700469CA6 /* Resources */ = {
			isa = PBXResourcesBuildPhase;
			buildActionMask = 2147483647;
			files = (
				F3905C082C6B190700469CA6 /* Assets.xcassets in Resources */,
			);
			runOnlyForDeploymentPostprocessing = 0;
		};
/* End PBXResourcesBuildPhase section */

/* Begin PBXSourcesBuildPhase section */
		F3905BFC2C6B190700469CA6 /* Sources */ = {
			isa = PBXSourcesBuildPhase;
			buildActionMask = 2147483647;
			files = (
				F3B98E962C729D850006021E /* Notifications.swift in Sources */,
				F3905C042C6B190700469CA6 /* Signius.swift in Sources */,
				F39DB7942C73456100CF74F8 /* Button Style.swift in Sources */,
				F3905C172C6B194900469CA6 /* Login View.swift in Sources */,
				F3B98E9A2C729FA20006021E /* Account View.swift in Sources */,
				F3905C132C6B193300469CA6 /* Account Manager.swift in Sources */,
				F3B98E982C729DA90006021E /* App Container.swift in Sources */,
				F3905C252C6B1E3D00469CA6 /* WebAuthn Model.swift in Sources */,
			);
			runOnlyForDeploymentPostprocessing = 0;
		};
/* End PBXSourcesBuildPhase section */

/* Begin XCBuildConfiguration section */
		F3905C0D2C6B190700469CA6 /* Debug */ = {
			isa = XCBuildConfiguration;
			buildSettings = {
				ALWAYS_SEARCH_USER_PATHS = NO;
				ASSETCATALOG_COMPILER_GENERATE_SWIFT_ASSET_SYMBOL_EXTENSIONS = YES;
				CLANG_ANALYZER_NONNULL = YES;
				CLANG_ANALYZER_NUMBER_OBJECT_CONVERSION = YES_AGGRESSIVE;
				CLANG_CXX_LANGUAGE_STANDARD = "gnu++20";
				CLANG_ENABLE_MODULES = YES;
				CLANG_ENABLE_OBJC_ARC = YES;
				CLANG_ENABLE_OBJC_WEAK = YES;
				CLANG_WARN_BLOCK_CAPTURE_AUTORELEASING = YES;
				CLANG_WARN_BOOL_CONVERSION = YES;
				CLANG_WARN_COMMA = YES;
				CLANG_WARN_CONSTANT_CONVERSION = YES;
				CLANG_WARN_DEPRECATED_OBJC_IMPLEMENTATIONS = YES;
				CLANG_WARN_DIRECT_OBJC_ISA_USAGE = YES_ERROR;
				CLANG_WARN_DOCUMENTATION_COMMENTS = YES;
				CLANG_WARN_EMPTY_BODY = YES;
				CLANG_WARN_ENUM_CONVERSION = YES;
				CLANG_WARN_INFINITE_RECURSION = YES;
				CLANG_WARN_INT_CONVERSION = YES;
				CLANG_WARN_NON_LITERAL_NULL_CONVERSION = YES;
				CLANG_WARN_OBJC_IMPLICIT_RETAIN_SELF = YES;
				CLANG_WARN_OBJC_LITERAL_CONVERSION = YES;
				CLANG_WARN_OBJC_ROOT_CLASS = YES_ERROR;
				CLANG_WARN_QUOTED_INCLUDE_IN_FRAMEWORK_HEADER = YES;
				CLANG_WARN_RANGE_LOOP_ANALYSIS = YES;
				CLANG_WARN_STRICT_PROTOTYPES = YES;
				CLANG_WARN_SUSPICIOUS_MOVE = YES;
				CLANG_WARN_UNGUARDED_AVAILABILITY = YES_AGGRESSIVE;
				CLANG_WARN_UNREACHABLE_CODE = YES;
				CLANG_WARN__DUPLICATE_METHOD_MATCH = YES;
				COPY_PHASE_STRIP = NO;
				DEBUG_INFORMATION_FORMAT = dwarf;
				ENABLE_STRICT_OBJC_MSGSEND = YES;
				ENABLE_TESTABILITY = YES;
				ENABLE_USER_SCRIPT_SANDBOXING = YES;
				GCC_C_LANGUAGE_STANDARD = gnu17;
				GCC_DYNAMIC_NO_PIC = NO;
				GCC_NO_COMMON_BLOCKS = YES;
				GCC_OPTIMIZATION_LEVEL = 0;
				GCC_PREPROCESSOR_DEFINITIONS = (
					"DEBUG=1",
					"$(inherited)",
				);
				GCC_WARN_64_TO_32_BIT_CONVERSION = YES;
				GCC_WARN_ABOUT_RETURN_TYPE = YES_ERROR;
				GCC_WARN_UNDECLARED_SELECTOR = YES;
				GCC_WARN_UNINITIALIZED_AUTOS = YES_AGGRESSIVE;
				GCC_WARN_UNUSED_FUNCTION = YES;
				GCC_WARN_UNUSED_VARIABLE = YES;
				LOCALIZATION_PREFERS_STRING_CATALOGS = YES;
				MTL_ENABLE_DEBUG_INFO = INCLUDE_SOURCE;
				MTL_FAST_MATH = YES;
				ONLY_ACTIVE_ARCH = YES;
				SWIFT_ACTIVE_COMPILATION_CONDITIONS = "DEBUG $(inherited)";
				SWIFT_OPTIMIZATION_LEVEL = "-Onone";
			};
			name = Debug;
		};
		F3905C0E2C6B190700469CA6 /* Release */ = {
			isa = XCBuildConfiguration;
			buildSettings = {
				ALWAYS_SEARCH_USER_PATHS = NO;
				ASSETCATALOG_COMPILER_GENERATE_SWIFT_ASSET_SYMBOL_EXTENSIONS = YES;
				CLANG_ANALYZER_NONNULL = YES;
				CLANG_ANALYZER_NUMBER_OBJECT_CONVERSION = YES_AGGRESSIVE;
				CLANG_CXX_LANGUAGE_STANDARD = "gnu++20";
				CLANG_ENABLE_MODULES = YES;
				CLANG_ENABLE_OBJC_ARC = YES;
				CLANG_ENABLE_OBJC_WEAK = YES;
				CLANG_WARN_BLOCK_CAPTURE_AUTORELEASING = YES;
				CLANG_WARN_BOOL_CONVERSION = YES;
				CLANG_WARN_COMMA = YES;
				CLANG_WARN_CONSTANT_CONVERSION = YES;
				CLANG_WARN_DEPRECATED_OBJC_IMPLEMENTATIONS = YES;
				CLANG_WARN_DIRECT_OBJC_ISA_USAGE = YES_ERROR;
				CLANG_WARN_DOCUMENTATION_COMMENTS = YES;
				CLANG_WARN_EMPTY_BODY = YES;
				CLANG_WARN_ENUM_CONVERSION = YES;
				CLANG_WARN_INFINITE_RECURSION = YES;
				CLANG_WARN_INT_CONVERSION = YES;
				CLANG_WARN_NON_LITERAL_NULL_CONVERSION = YES;
				CLANG_WARN_OBJC_IMPLICIT_RETAIN_SELF = YES;
				CLANG_WARN_OBJC_LITERAL_CONVERSION = YES;
				CLANG_WARN_OBJC_ROOT_CLASS = YES_ERROR;
				CLANG_WARN_QUOTED_INCLUDE_IN_FRAMEWORK_HEADER = YES;
				CLANG_WARN_RANGE_LOOP_ANALYSIS = YES;
				CLANG_WARN_STRICT_PROTOTYPES = YES;
				CLANG_WARN_SUSPICIOUS_MOVE = YES;
				CLANG_WARN_UNGUARDED_AVAILABILITY = YES_AGGRESSIVE;
				CLANG_WARN_UNREACHABLE_CODE = YES;
				CLANG_WARN__DUPLICATE_METHOD_MATCH = YES;
				COPY_PHASE_STRIP = NO;
				DEBUG_INFORMATION_FORMAT = "dwarf-with-dsym";
				ENABLE_NS_ASSERTIONS = NO;
				ENABLE_STRICT_OBJC_MSGSEND = YES;
				ENABLE_USER_SCRIPT_SANDBOXING = YES;
				GCC_C_LANGUAGE_STANDARD = gnu17;
				GCC_NO_COMMON_BLOCKS = YES;
				GCC_WARN_64_TO_32_BIT_CONVERSION = YES;
				GCC_WARN_ABOUT_RETURN_TYPE = YES_ERROR;
				GCC_WARN_UNDECLARED_SELECTOR = YES;
				GCC_WARN_UNINITIALIZED_AUTOS = YES_AGGRESSIVE;
				GCC_WARN_UNUSED_FUNCTION = YES;
				GCC_WARN_UNUSED_VARIABLE = YES;
				LOCALIZATION_PREFERS_STRING_CATALOGS = YES;
				MTL_ENABLE_DEBUG_INFO = NO;
				MTL_FAST_MATH = YES;
				SWIFT_COMPILATION_MODE = wholemodule;
			};
			name = Release;
		};
		F3905C102C6B190700469CA6 /* Debug */ = {
			isa = XCBuildConfiguration;
			buildSettings = {
				ASSETCATALOG_COMPILER_APPICON_NAME = AppIcon;
				ASSETCATALOG_COMPILER_GLOBAL_ACCENT_COLOR_NAME = AccentColor;
				CODE_SIGN_ENTITLEMENTS = Signius/Signius.entitlements;
				CODE_SIGN_STYLE = Automatic;
				CURRENT_PROJECT_VERSION = 1;
				DEVELOPMENT_TEAM = 8FQUA2F388;
				ENABLE_HARDENED_RUNTIME = YES;
				ENABLE_PREVIEWS = YES;
				GENERATE_INFOPLIST_FILE = YES;
				INFOPLIST_FILE = Signius/Info.plist;
				INFOPLIST_KEY_CFBundleDisplayName = Signius;
				INFOPLIST_KEY_LSApplicationCategoryType = "public.app-category.developer-tools";
				"INFOPLIST_KEY_UIApplicationSceneManifest_Generation[sdk=iphoneos*]" = YES;
				"INFOPLIST_KEY_UIApplicationSceneManifest_Generation[sdk=iphonesimulator*]" = YES;
				"INFOPLIST_KEY_UIApplicationSupportsIndirectInputEvents[sdk=iphoneos*]" = YES;
				"INFOPLIST_KEY_UIApplicationSupportsIndirectInputEvents[sdk=iphonesimulator*]" = YES;
				"INFOPLIST_KEY_UILaunchScreen_Generation[sdk=iphoneos*]" = YES;
				"INFOPLIST_KEY_UILaunchScreen_Generation[sdk=iphonesimulator*]" = YES;
				"INFOPLIST_KEY_UIStatusBarStyle[sdk=iphoneos*]" = UIStatusBarStyleDefault;
				"INFOPLIST_KEY_UIStatusBarStyle[sdk=iphonesimulator*]" = UIStatusBarStyleDefault;
				INFOPLIST_KEY_UISupportedInterfaceOrientations = "UIInterfaceOrientationLandscapeLeft UIInterfaceOrientationLandscapeRight UIInterfaceOrientationPortrait UIInterfaceOrientationPortraitUpsideDown";
				IPHONEOS_DEPLOYMENT_TARGET = 17.0;
				LD_RUNPATH_SEARCH_PATHS = "@executable_path/Frameworks";
				"LD_RUNPATH_SEARCH_PATHS[sdk=macosx*]" = "@executable_path/../Frameworks";
				MACOSX_DEPLOYMENT_TARGET = 14.0;
				MARKETING_VERSION = 0.9;
				PRODUCT_BUNDLE_IDENTIFIER = dev.topscrech.Signius;
				PRODUCT_NAME = "$(TARGET_NAME)";
				SDKROOT = auto;
				SUPPORTED_PLATFORMS = "iphoneos iphonesimulator macosx xros xrsimulator";
				SWIFT_EMIT_LOC_STRINGS = YES;
				SWIFT_VERSION = 5.0;
				TARGETED_DEVICE_FAMILY = "1,2,7";
				XROS_DEPLOYMENT_TARGET = 1.0;
			};
			name = Debug;
		};
		F3905C112C6B190700469CA6 /* Release */ = {
			isa = XCBuildConfiguration;
			buildSettings = {
				ASSETCATALOG_COMPILER_APPICON_NAME = AppIcon;
				ASSETCATALOG_COMPILER_GLOBAL_ACCENT_COLOR_NAME = AccentColor;
				CODE_SIGN_ENTITLEMENTS = Signius/Signius.entitlements;
				CODE_SIGN_STYLE = Automatic;
				CURRENT_PROJECT_VERSION = 1;
				DEVELOPMENT_TEAM = 8FQUA2F388;
				ENABLE_HARDENED_RUNTIME = YES;
				ENABLE_PREVIEWS = YES;
				GENERATE_INFOPLIST_FILE = YES;
				INFOPLIST_FILE = Signius/Info.plist;
				INFOPLIST_KEY_CFBundleDisplayName = Signius;
				INFOPLIST_KEY_LSApplicationCategoryType = "public.app-category.developer-tools";
				"INFOPLIST_KEY_UIApplicationSceneManifest_Generation[sdk=iphoneos*]" = YES;
				"INFOPLIST_KEY_UIApplicationSceneManifest_Generation[sdk=iphonesimulator*]" = YES;
				"INFOPLIST_KEY_UIApplicationSupportsIndirectInputEvents[sdk=iphoneos*]" = YES;
				"INFOPLIST_KEY_UIApplicationSupportsIndirectInputEvents[sdk=iphonesimulator*]" = YES;
				"INFOPLIST_KEY_UILaunchScreen_Generation[sdk=iphoneos*]" = YES;
				"INFOPLIST_KEY_UILaunchScreen_Generation[sdk=iphonesimulator*]" = YES;
				"INFOPLIST_KEY_UIStatusBarStyle[sdk=iphoneos*]" = UIStatusBarStyleDefault;
				"INFOPLIST_KEY_UIStatusBarStyle[sdk=iphonesimulator*]" = UIStatusBarStyleDefault;
				INFOPLIST_KEY_UISupportedInterfaceOrientations = "UIInterfaceOrientationLandscapeLeft UIInterfaceOrientationLandscapeRight UIInterfaceOrientationPortrait UIInterfaceOrientationPortraitUpsideDown";
				IPHONEOS_DEPLOYMENT_TARGET = 17.0;
				LD_RUNPATH_SEARCH_PATHS = "@executable_path/Frameworks";
				"LD_RUNPATH_SEARCH_PATHS[sdk=macosx*]" = "@executable_path/../Frameworks";
				MACOSX_DEPLOYMENT_TARGET = 14.0;
				MARKETING_VERSION = 0.9;
				PRODUCT_BUNDLE_IDENTIFIER = dev.topscrech.Signius;
				PRODUCT_NAME = "$(TARGET_NAME)";
				SDKROOT = auto;
				SUPPORTED_PLATFORMS = "iphoneos iphonesimulator macosx xros xrsimulator";
				SWIFT_EMIT_LOC_STRINGS = YES;
				SWIFT_VERSION = 5.0;
				TARGETED_DEVICE_FAMILY = "1,2,7";
				XROS_DEPLOYMENT_TARGET = 1.0;
			};
			name = Release;
		};
/* End XCBuildConfiguration section */

/* Begin XCConfigurationList section */
		F3905BFB2C6B190700469CA6 /* Build configuration list for PBXProject "Signius" */ = {
			isa = XCConfigurationList;
			buildConfigurations = (
				F3905C0D2C6B190700469CA6 /* Debug */,
				F3905C0E2C6B190700469CA6 /* Release */,
			);
			defaultConfigurationIsVisible = 0;
			defaultConfigurationName = Release;
		};
		F3905C0F2C6B190700469CA6 /* Build configuration list for PBXNativeTarget "Signius" */ = {
			isa = XCConfigurationList;
			buildConfigurations = (
				F3905C102C6B190700469CA6 /* Debug */,
				F3905C112C6B190700469CA6 /* Release */,
			);
			defaultConfigurationIsVisible = 0;
			defaultConfigurationName = Release;
		};
/* End XCConfigurationList section */

/* Begin XCRemoteSwiftPackageReference section */
		F3905C1C2C6B1CF300469CA6 /* XCRemoteSwiftPackageReference "ScrechKit" */ = {
			isa = XCRemoteSwiftPackageReference;
			repositoryURL = "https://github.com/TopScrech/ScrechKit";
			requirement = {
				kind = upToNextMajorVersion;
				minimumVersion = 0.9.0;
			};
		};
		F3905C262C6B21A200469CA6 /* XCRemoteSwiftPackageReference "Alamofire" */ = {
			isa = XCRemoteSwiftPackageReference;
			repositoryURL = "https://github.com/Alamofire/Alamofire";
			requirement = {
				kind = upToNextMajorVersion;
				minimumVersion = 5.9.1;
			};
		};
/* End XCRemoteSwiftPackageReference section */

/* Begin XCSwiftPackageProductDependency section */
		F3905C1D2C6B1CF300469CA6 /* ScrechKit */ = {
			isa = XCSwiftPackageProductDependency;
			package = F3905C1C2C6B1CF300469CA6 /* XCRemoteSwiftPackageReference "ScrechKit" */;
			productName = ScrechKit;
		};
		F3905C272C6B21A200469CA6 /* Alamofire */ = {
			isa = XCSwiftPackageProductDependency;
			package = F3905C262C6B21A200469CA6 /* XCRemoteSwiftPackageReference "Alamofire" */;
			productName = Alamofire;
		};
/* End XCSwiftPackageProductDependency section */
	};
	rootObject = F3905BF82C6B190700469CA6 /* Project object */;
}
